
Microsoft Visual Studio Solution File, Format Version 12.00
# Visual Studio Version 16
VisualStudioVersion = 16.0.30413.136
MinimumVisualStudioVersion = 10.0.40219.1
Project("{FAE04EC0-301F-11D3-BF4B-00C04F79EFBC}") = "AIS_BinaryTree", "AIS_BinaryTree\AIS_BinaryTree.csproj", "{A5745528-40A7-47B6-AA8B-73F903B1942D}"
EndProject
Project("{FAE04EC0-301F-11D3-BF4B-00C04F79EFBC}") = "BinaryTree2", "BinaryTree2\BinaryTree2.csproj", "{FEC50C00-D8E5-499A-A4DE-006A20B1AC2E}"
EndProject
Global
	GlobalSection(SolutionConfigurationPlatforms) = preSolution
		Debug|Any CPU = Debug|Any CPU
		Release|Any CPU = Release|Any CPU
	EndGlobalSection
	GlobalSection(ProjectConfigurationPlatforms) = postSolution
		{A5745528-40A7-47B6-AA8B-73F903B1942D}.Debug|Any CPU.ActiveCfg = Debug|Any CPU
		{A5745528-40A7-47B6-AA8B-73F903B1942D}.Debug|Any CPU.Build.0 = Debug|Any CPU
		{A5745528-40A7-47B6-AA8B-73F903B1942D}.Release|Any CPU.ActiveCfg = Release|Any CPU
		{A5745528-40A7-47B6-AA8B-73F903B1942D}.Release|Any CPU.Build.0 = Release|Any CPU
		{FEC50C00-D8E5-499A-A4DE-006A20B1AC2E}.Debug|Any CPU.ActiveCfg = Debug|Any CPU
		{FEC50C00-D8E5-499A-A4DE-006A20B1AC2E}.Debug|Any CPU.Build.0 = Debug|Any CPU
		{FEC50C00-D8E5-499A-A4DE-006A20B1AC2E}.Release|Any CPU.ActiveCfg = Release|Any CPU
		{FEC50C00-D8E5-499A-A4DE-006A20B1AC2E}.Release|Any CPU.Build.0 = Release|Any CPU
	EndGlobalSection
	GlobalSection(SolutionProperties) = preSolution
		HideSolutionNode = FALSE
	EndGlobalSection
	GlobalSection(ExtensibilityGlobals) = postSolution
		SolutionGuid = {FDF3E488-D79A-4543-98F8-F0743CA0DFCD}
	EndGlobalSection
EndGlobal
